// !$*UTF8*$!
{
	archiveVersion = 1;
	classes = {
	};
	objectVersion = 56;
	objects = {

/* Begin PBXBuildFile section */
		370D3B082BE41C570071138E /* AppDelegate.swift in Sources */ = {isa = PBXBuildFile; fileRef = 370D3B072BE41C570071138E /* AppDelegate.swift */; };
		370D3B0A2BE41C570071138E /* SceneDelegate.swift in Sources */ = {isa = PBXBuildFile; fileRef = 370D3B092BE41C570071138E /* SceneDelegate.swift */; };
		370D3B0C2BE41C570071138E /* ViewController.swift in Sources */ = {isa = PBXBuildFile; fileRef = 370D3B0B2BE41C570071138E /* ViewController.swift */; };
		370D3B0F2BE41C570071138E /* Base in Resources */ = {isa = PBXBuildFile; fileRef = 370D3B0E2BE41C570071138E /* Base */; };
		370D3B112BE41C570071138E /* Assets.xcassets in Resources */ = {isa = PBXBuildFile; fileRef = 370D3B102BE41C570071138E /* Assets.xcassets */; };
		370D3B142BE41C570071138E /* Base in Resources */ = {isa = PBXBuildFile; fileRef = 370D3B132BE41C570071138E /* Base */; };
		370D3B1C2BE41D450071138E /* GoogleService-Info.plist in Resources */ = {isa = PBXBuildFile; fileRef = 370D3B1B2BE41D450071138E /* GoogleService-Info.plist */; };
		370D3B1F2BE41DFA0071138E /* FirebaseAnalytics in Frameworks */ = {isa = PBXBuildFile; productRef = 370D3B1E2BE41DFA0071138E /* FirebaseAnalytics */; };
		370D3B212BE41DFA0071138E /* FirebaseAuth in Frameworks */ = {isa = PBXBuildFile; productRef = 370D3B202BE41DFA0071138E /* FirebaseAuth */; };
		370D3B232BE41DFA0071138E /* FirebaseFirestore in Frameworks */ = {isa = PBXBuildFile; productRef = 370D3B222BE41DFA0071138E /* FirebaseFirestore */; };
		370D3B252BE41DFA0071138E /* FirebaseStorage in Frameworks */ = {isa = PBXBuildFile; productRef = 370D3B242BE41DFA0071138E /* FirebaseStorage */; };
		370D3B272BE429F50071138E /* FeedViewController.swift in Sources */ = {isa = PBXBuildFile; fileRef = 370D3B262BE429F50071138E /* FeedViewController.swift */; };
		370D3B292BE42A070071138E /* UploadViewController.swift in Sources */ = {isa = PBXBuildFile; fileRef = 370D3B282BE42A070071138E /* UploadViewController.swift */; };
		370D3B2B2BE42A170071138E /* SettingsViewController.swift in Sources */ = {isa = PBXBuildFile; fileRef = 370D3B2A2BE42A170071138E /* SettingsViewController.swift */; };
		375D9EE32BEB6B59008E44E6 /* FeedCell.swift in Sources */ = {isa = PBXBuildFile; fileRef = 375D9EE22BEB6B59008E44E6 /* FeedCell.swift */; };
		375D9EF22BEB81E0008E44E6 /* SDWebImage in Frameworks */ = {isa = PBXBuildFile; productRef = 375D9EF12BEB81E0008E44E6 /* SDWebImage */; };
		375D9EF42BEB81E0008E44E6 /* SDWebImageMapKit in Frameworks */ = {isa = PBXBuildFile; productRef = 375D9EF32BEB81E0008E44E6 /* SDWebImageMapKit */; };
/* End PBXBuildFile section */

/* Begin PBXFileReference section */
		370D3B042BE41C570071138E /* FireBaseInstaClone.app */ = {isa = PBXFileReference; explicitFileType = wrapper.application; includeInIndex = 0; path = FireBaseInstaClone.app; sourceTree = BUILT_PRODUCTS_DIR; };
		370D3B072BE41C570071138E /* AppDelegate.swift */ = {isa = PBXFileReference; lastKnownFileType = sourcecode.swift; path = AppDelegate.swift; sourceTree = "<group>"; };
		370D3B092BE41C570071138E /* SceneDelegate.swift */ = {isa = PBXFileReference; lastKnownFileType = sourcecode.swift; path = SceneDelegate.swift; sourceTree = "<group>"; };
		370D3B0B2BE41C570071138E /* ViewController.swift */ = {isa = PBXFileReference; lastKnownFileType = sourcecode.swift; path = ViewController.swift; sourceTree = "<group>"; };
		370D3B0E2BE41C570071138E /* Base */ = {isa = PBXFileReference; lastKnownFileType = file.storyboard; name = Base; path = Base.lproj/Main.storyboard; sourceTree = "<group>"; };
		370D3B102BE41C570071138E /* Assets.xcassets */ = {isa = PBXFileReference; lastKnownFileType = folder.assetcatalog; path = Assets.xcassets; sourceTree = "<group>"; };
		370D3B132BE41C570071138E /* Base */ = {isa = PBXFileReference; lastKnownFileType = file.storyboard; name = Base; path = Base.lproj/LaunchScreen.storyboard; sourceTree = "<group>"; };
		370D3B152BE41C570071138E /* Info.plist */ = {isa = PBXFileReference; lastKnownFileType = text.plist.xml; path = Info.plist; sourceTree = "<group>"; };
		370D3B1B2BE41D450071138E /* GoogleService-Info.plist */ = {isa = PBXFileReference; fileEncoding = 4; lastKnownFileType = text.plist.xml; path = "GoogleService-Info.plist"; sourceTree = "<group>"; };
		370D3B262BE429F50071138E /* FeedViewController.swift */ = {isa = PBXFileReference; lastKnownFileType = sourcecode.swift; path = FeedViewController.swift; sourceTree = "<group>"; };
		370D3B282BE42A070071138E /* UploadViewController.swift */ = {isa = PBXFileReference; lastKnownFileType = sourcecode.swift; path = UploadViewController.swift; sourceTree = "<group>"; };
		370D3B2A2BE42A170071138E /* SettingsViewController.swift */ = {isa = PBXFileReference; lastKnownFileType = sourcecode.swift; path = SettingsViewController.swift; sourceTree = "<group>"; };
		375D9EE22BEB6B59008E44E6 /* FeedCell.swift */ = {isa = PBXFileReference; lastKnownFileType = sourcecode.swift; path = FeedCell.swift; sourceTree = "<group>"; };
/* End PBXFileReference section */

/* Begin PBXFrameworksBuildPhase section */
		370D3B012BE41C570071138E /* Frameworks */ = {
			isa = PBXFrameworksBuildPhase;
			buildActionMask = 2147483647;
			files = (
				370D3B1F2BE41DFA0071138E /* FirebaseAnalytics in Frameworks */,
				370D3B252BE41DFA0071138E /* FirebaseStorage in Frameworks */,
				370D3B212BE41DFA0071138E /* FirebaseAuth in Frameworks */,
				370D3B232BE41DFA0071138E /* FirebaseFirestore in Frameworks */,
				375D9EF42BEB81E0008E44E6 /* SDWebImageMapKit in Frameworks */,
				375D9EF22BEB81E0008E44E6 /* SDWebImage in Frameworks */,
			);
			runOnlyForDeploymentPostprocessing = 0;
		};
/* End PBXFrameworksBuildPhase section */

/* Begin PBXGroup section */
		370D3AFB2BE41C570071138E = {
			isa = PBXGroup;
			children = (
				370D3B062BE41C570071138E /* FireBaseInstaClone */,
				370D3B052BE41C570071138E /* Products */,
			);
			sourceTree = "<group>";
		};
		370D3B052BE41C570071138E /* Products */ = {
			isa = PBXGroup;
			children = (
				370D3B042BE41C570071138E /* FireBaseInstaClone.app */,
			);
			name = Products;
			sourceTree = "<group>";
		};
		370D3B062BE41C570071138E /* FireBaseInstaClone */ = {
			isa = PBXGroup;
			children = (
				370D3B072BE41C570071138E /* AppDelegate.swift */,
				370D3B092BE41C570071138E /* SceneDelegate.swift */,
				370D3B0B2BE41C570071138E /* ViewController.swift */,
				370D3B262BE429F50071138E /* FeedViewController.swift */,
				375D9EE22BEB6B59008E44E6 /* FeedCell.swift */,
				370D3B282BE42A070071138E /* UploadViewController.swift */,
				370D3B2A2BE42A170071138E /* SettingsViewController.swift */,
				370D3B0D2BE41C570071138E /* Main.storyboard */,
				370D3B102BE41C570071138E /* Assets.xcassets */,
				370D3B122BE41C570071138E /* LaunchScreen.storyboard */,
				370D3B152BE41C570071138E /* Info.plist */,
				370D3B1B2BE41D450071138E /* GoogleService-Info.plist */,
			);
			path = FireBaseInstaClone;
			sourceTree = "<group>";
		};
/* End PBXGroup section */

/* Begin PBXNativeTarget section */
		370D3B032BE41C570071138E /* FireBaseInstaClone */ = {
			isa = PBXNativeTarget;
			buildConfigurationList = 370D3B182BE41C570071138E /* Build configuration list for PBXNativeTarget "FireBaseInstaClone" */;
			buildPhases = (
				370D3B002BE41C570071138E /* Sources */,
				370D3B012BE41C570071138E /* Frameworks */,
				370D3B022BE41C570071138E /* Resources */,
			);
			buildRules = (
			);
			dependencies = (
			);
			name = FireBaseInstaClone;
			packageProductDependencies = (
				370D3B1E2BE41DFA0071138E /* FirebaseAnalytics */,
				370D3B202BE41DFA0071138E /* FirebaseAuth */,
				370D3B222BE41DFA0071138E /* FirebaseFirestore */,
				370D3B242BE41DFA0071138E /* FirebaseStorage */,
				375D9EF12BEB81E0008E44E6 /* SDWebImage */,
				375D9EF32BEB81E0008E44E6 /* SDWebImageMapKit */,
			);
			productName = FireBaseInstaClone;
			productReference = 370D3B042BE41C570071138E /* FireBaseInstaClone.app */;
			productType = "com.apple.product-type.application";
		};
/* End PBXNativeTarget section */

/* Begin PBXProject section */
		370D3AFC2BE41C570071138E /* Project object */ = {
			isa = PBXProject;
			attributes = {
				BuildIndependentTargetsInParallel = 1;
				LastSwiftUpdateCheck = 1530;
				LastUpgradeCheck = 1530;
				TargetAttributes = {
					370D3B032BE41C570071138E = {
						CreatedOnToolsVersion = 15.3;
					};
				};
			};
			buildConfigurationList = 370D3AFF2BE41C570071138E /* Build configuration list for PBXProject "FireBaseInstaClone" */;
			compatibilityVersion = "Xcode 14.0";
			developmentRegion = en;
			hasScannedForEncodings = 0;
			knownRegions = (
				en,
				Base,
			);
			mainGroup = 370D3AFB2BE41C570071138E;
			packageReferences = (
				370D3B1D2BE41DFA0071138E /* XCRemoteSwiftPackageReference "firebase-ios-sdk" */,
				375D9EF02BEB81E0008E44E6 /* XCRemoteSwiftPackageReference "SDWebImage" */,
			);
			productRefGroup = 370D3B052BE41C570071138E /* Products */;
			projectDirPath = "";
			projectRoot = "";
			targets = (
				370D3B032BE41C570071138E /* FireBaseInstaClone */,
			);
		};
/* End PBXProject section */

/* Begin PBXResourcesBuildPhase section */
		370D3B022BE41C570071138E /* Resources */ = {
			isa = PBXResourcesBuildPhase;
			buildActionMask = 2147483647;
			files = (
				370D3B112BE41C570071138E /* Assets.xcassets in Resources */,
				370D3B1C2BE41D450071138E /* GoogleService-Info.plist in Resources */,
				370D3B142BE41C570071138E /* Base in Resources */,
				370D3B0F2BE41C570071138E /* Base in Resources */,
			);
			runOnlyForDeploymentPostprocessing = 0;
		};
/* End PBXResourcesBuildPhase section */

/* Begin PBXSourcesBuildPhase section */
		370D3B002BE41C570071138E /* Sources */ = {
			isa = PBXSourcesBuildPhase;
			buildActionMask = 2147483647;
			files = (
				375D9EE32BEB6B59008E44E6 /* FeedCell.swift in Sources */,
				370D3B0C2BE41C570071138E /* ViewController.swift in Sources */,
				370D3B292BE42A070071138E /* UploadViewController.swift in Sources */,
				370D3B082BE41C570071138E /* AppDelegate.swift in Sources */,
				370D3B272BE429F50071138E /* FeedViewController.swift in Sources */,
				370D3B0A2BE41C570071138E /* SceneDelegate.swift in Sources */,
				370D3B2B2BE42A170071138E /* SettingsViewController.swift in Sources */,
			);
			runOnlyForDeploymentPostprocessing = 0;
		};
/* End PBXSourcesBuildPhase section */

/* Begin PBXVariantGroup section */
		370D3B0D2BE41C570071138E /* Main.storyboard */ = {
			isa = PBXVariantGroup;
			children = (
				370D3B0E2BE41C570071138E /* Base */,
			);
			name = Main.storyboard;
			sourceTree = "<group>";
		};
		370D3B122BE41C570071138E /* LaunchScreen.storyboard */ = {
			isa = PBXVariantGroup;
			children = (
				370D3B132BE41C570071138E /* Base */,
			);
			name = LaunchScreen.storyboard;
			sourceTree = "<group>";
		};
/* End PBXVariantGroup section */

/* Begin XCBuildConfiguration section */
		370D3B162BE41C570071138E /* Debug */ = {
			isa = XCBuildConfiguration;
			buildSettings = {
				ALWAYS_SEARCH_USER_PATHS = NO;
				ASSETCATALOG_COMPILER_GENERATE_SWIFT_ASSET_SYMBOL_EXTENSIONS = YES;
				CLANG_ANALYZER_NONNULL = YES;
				CLANG_ANALYZER_NUMBER_OBJECT_CONVERSION = YES_AGGRESSIVE;
				CLANG_CXX_LANGUAGE_STANDARD = "gnu++20";
				CLANG_ENABLE_MODULES = YES;
				CLANG_ENABLE_OBJC_ARC = YES;
				CLANG_ENABLE_OBJC_WEAK = YES;
				CLANG_WARN_BLOCK_CAPTURE_AUTORELEASING = YES;
				CLANG_WARN_BOOL_CONVERSION = YES;
				CLANG_WARN_COMMA = YES;
				CLANG_WARN_CONSTANT_CONVERSION = YES;
				CLANG_WARN_DEPRECATED_OBJC_IMPLEMENTATIONS = YES;
				CLANG_WARN_DIRECT_OBJC_ISA_USAGE = YES_ERROR;
				CLANG_WARN_DOCUMENTATION_COMMENTS = YES;
				CLANG_WARN_EMPTY_BODY = YES;
				CLANG_WARN_ENUM_CONVERSION = YES;
				CLANG_WARN_INFINITE_RECURSION = YES;
				CLANG_WARN_INT_CONVERSION = YES;
				CLANG_WARN_NON_LITERAL_NULL_CONVERSION = YES;
				CLANG_WARN_OBJC_IMPLICIT_RETAIN_SELF = YES;
				CLANG_WARN_OBJC_LITERAL_CONVERSION = YES;
				CLANG_WARN_OBJC_ROOT_CLASS = YES_ERROR;
				CLANG_WARN_QUOTED_INCLUDE_IN_FRAMEWORK_HEADER = YES;
				CLANG_WARN_RANGE_LOOP_ANALYSIS = YES;
				CLANG_WARN_STRICT_PROTOTYPES = YES;
				CLANG_WARN_SUSPICIOUS_MOVE = YES;
				CLANG_WARN_UNGUARDED_AVAILABILITY = YES_AGGRESSIVE;
				CLANG_WARN_UNREACHABLE_CODE = YES;
				CLANG_WARN__DUPLICATE_METHOD_MATCH = YES;
				COPY_PHASE_STRIP = NO;
				DEBUG_INFORMATION_FORMAT = dwarf;
				ENABLE_STRICT_OBJC_MSGSEND = YES;
				ENABLE_TESTABILITY = YES;
				ENABLE_USER_SCRIPT_SANDBOXING = YES;
				GCC_C_LANGUAGE_STANDARD = gnu17;
				GCC_DYNAMIC_NO_PIC = NO;
				GCC_NO_COMMON_BLOCKS = YES;
				GCC_OPTIMIZATION_LEVEL = 0;
				GCC_PREPROCESSOR_DEFINITIONS = (
					"DEBUG=1",
					"$(inherited)",
				);
				GCC_WARN_64_TO_32_BIT_CONVERSION = YES;
				GCC_WARN_ABOUT_RETURN_TYPE = YES_ERROR;
				GCC_WARN_UNDECLARED_SELECTOR = YES;
				GCC_WARN_UNINITIALIZED_AUTOS = YES_AGGRESSIVE;
				GCC_WARN_UNUSED_FUNCTION = YES;
				GCC_WARN_UNUSED_VARIABLE = YES;
				IPHONEOS_DEPLOYMENT_TARGET = 17.4;
				LOCALIZATION_PREFERS_STRING_CATALOGS = YES;
				MTL_ENABLE_DEBUG_INFO = INCLUDE_SOURCE;
				MTL_FAST_MATH = YES;
				ONLY_ACTIVE_ARCH = YES;
				SDKROOT = iphoneos;
				SWIFT_ACTIVE_COMPILATION_CONDITIONS = "DEBUG $(inherited)";
				SWIFT_OPTIMIZATION_LEVEL = "-Onone";
			};
			name = Debug;
		};
		370D3B172BE41C570071138E /* Release */ = {
			isa = XCBuildConfiguration;
			buildSettings = {
				ALWAYS_SEARCH_USER_PATHS = NO;
				ASSETCATALOG_COMPILER_GENERATE_SWIFT_ASSET_SYMBOL_EXTENSIONS = YES;
				CLANG_ANALYZER_NONNULL = YES;
				CLANG_ANALYZER_NUMBER_OBJECT_CONVERSION = YES_AGGRESSIVE;
				CLANG_CXX_LANGUAGE_STANDARD = "gnu++20";
				CLANG_ENABLE_MODULES = YES;
				CLANG_ENABLE_OBJC_ARC = YES;
				CLANG_ENABLE_OBJC_WEAK = YES;
				CLANG_WARN_BLOCK_CAPTURE_AUTORELEASING = YES;
				CLANG_WARN_BOOL_CONVERSION = YES;
				CLANG_WARN_COMMA = YES;
				CLANG_WARN_CONSTANT_CONVERSION = YES;
				CLANG_WARN_DEPRECATED_OBJC_IMPLEMENTATIONS = YES;
				CLANG_WARN_DIRECT_OBJC_ISA_USAGE = YES_ERROR;
				CLANG_WARN_DOCUMENTATION_COMMENTS = YES;
				CLANG_WARN_EMPTY_BODY = YES;
				CLANG_WARN_ENUM_CONVERSION = YES;
				CLANG_WARN_INFINITE_RECURSION = YES;
				CLANG_WARN_INT_CONVERSION = YES;
				CLANG_WARN_NON_LITERAL_NULL_CONVERSION = YES;
				CLANG_WARN_OBJC_IMPLICIT_RETAIN_SELF = YES;
				CLANG_WARN_OBJC_LITERAL_CONVERSION = YES;
				CLANG_WARN_OBJC_ROOT_CLASS = YES_ERROR;
				CLANG_WARN_QUOTED_INCLUDE_IN_FRAMEWORK_HEADER = YES;
				CLANG_WARN_RANGE_LOOP_ANALYSIS = YES;
				CLANG_WARN_STRICT_PROTOTYPES = YES;
				CLANG_WARN_SUSPICIOUS_MOVE = YES;
				CLANG_WARN_UNGUARDED_AVAILABILITY = YES_AGGRESSIVE;
				CLANG_WARN_UNREACHABLE_CODE = YES;
				CLANG_WARN__DUPLICATE_METHOD_MATCH = YES;
				COPY_PHASE_STRIP = NO;
				DEBUG_INFORMATION_FORMAT = "dwarf-with-dsym";
				ENABLE_NS_ASSERTIONS = NO;
				ENABLE_STRICT_OBJC_MSGSEND = YES;
				ENABLE_USER_SCRIPT_SANDBOXING = YES;
				GCC_C_LANGUAGE_STANDARD = gnu17;
				GCC_NO_COMMON_BLOCKS = YES;
				GCC_WARN_64_TO_32_BIT_CONVERSION = YES;
				GCC_WARN_ABOUT_RETURN_TYPE = YES_ERROR;
				GCC_WARN_UNDECLARED_SELECTOR = YES;
				GCC_WARN_UNINITIALIZED_AUTOS = YES_AGGRESSIVE;
				GCC_WARN_UNUSED_FUNCTION = YES;
				GCC_WARN_UNUSED_VARIABLE = YES;
				IPHONEOS_DEPLOYMENT_TARGET = 17.4;
				LOCALIZATION_PREFERS_STRING_CATALOGS = YES;
				MTL_ENABLE_DEBUG_INFO = NO;
				MTL_FAST_MATH = YES;
				SDKROOT = iphoneos;
				SWIFT_COMPILATION_MODE = wholemodule;
				VALIDATE_PRODUCT = YES;
			};
			name = Release;
		};
		370D3B192BE41C570071138E /* Debug */ = {
			isa = XCBuildConfiguration;
			buildSettings = {
				ASSETCATALOG_COMPILER_APPICON_NAME = AppIcon;
				ASSETCATALOG_COMPILER_GLOBAL_ACCENT_COLOR_NAME = AccentColor;
				CODE_SIGN_STYLE = Automatic;
				CURRENT_PROJECT_VERSION = 1;
				DEVELOPMENT_TEAM = 2M98MY3M36;
				GENERATE_INFOPLIST_FILE = YES;
				INFOPLIST_FILE = FireBaseInstaClone/Info.plist;
				INFOPLIST_KEY_UIApplicationSupportsIndirectInputEvents = YES;
				INFOPLIST_KEY_UILaunchStoryboardName = LaunchScreen;
				INFOPLIST_KEY_UIMainStoryboardFile = Main;
				INFOPLIST_KEY_UISupportedInterfaceOrientations_iPad = "UIInterfaceOrientationPortrait UIInterfaceOrientationPortraitUpsideDown UIInterfaceOrientationLandscapeLeft UIInterfaceOrientationLandscapeRight";
				INFOPLIST_KEY_UISupportedInterfaceOrientations_iPhone = "UIInterfaceOrientationPortrait UIInterfaceOrientationLandscapeLeft UIInterfaceOrientationLandscapeRight";
				LD_RUNPATH_SEARCH_PATHS = (
					"$(inherited)",
					"@executable_path/Frameworks",
				);
				MARKETING_VERSION = 1.0;
				PRODUCT_BUNDLE_IDENTIFIER = com.onuranil.FireBaseInstaClone;
				PRODUCT_NAME = "$(TARGET_NAME)";
				SWIFT_EMIT_LOC_STRINGS = YES;
				SWIFT_VERSION = 5.0;
				TARGETED_DEVICE_FAMILY = "1,2";
			};
			name = Debug;
		};
		370D3B1A2BE41C570071138E /* Release */ = {
			isa = XCBuildConfiguration;
			buildSettings = {
				ASSETCATALOG_COMPILER_APPICON_NAME = AppIcon;
				ASSETCATALOG_COMPILER_GLOBAL_ACCENT_COLOR_NAME = AccentColor;
				CODE_SIGN_STYLE = Automatic;
				CURRENT_PROJECT_VERSION = 1;
				DEVELOPMENT_TEAM = 2M98MY3M36;
				GENERATE_INFOPLIST_FILE = YES;
				INFOPLIST_FILE = FireBaseInstaClone/Info.plist;
				INFOPLIST_KEY_UIApplicationSupportsIndirectInputEvents = YES;
				INFOPLIST_KEY_UILaunchStoryboardName = LaunchScreen;
				INFOPLIST_KEY_UIMainStoryboardFile = Main;
				INFOPLIST_KEY_UISupportedInterfaceOrientations_iPad = "UIInterfaceOrientationPortrait UIInterfaceOrientationPortraitUpsideDown UIInterfaceOrientationLandscapeLeft UIInterfaceOrientationLandscapeRight";
				INFOPLIST_KEY_UISupportedInterfaceOrientations_iPhone = "UIInterfaceOrientationPortrait UIInterfaceOrientationLandscapeLeft UIInterfaceOrientationLandscapeRight";
				LD_RUNPATH_SEARCH_PATHS = (
					"$(inherited)",
					"@executable_path/Frameworks",
				);
				MARKETING_VERSION = 1.0;
				PRODUCT_BUNDLE_IDENTIFIER = com.onuranil.FireBaseInstaClone;
				PRODUCT_NAME = "$(TARGET_NAME)";
				SWIFT_EMIT_LOC_STRINGS = YES;
				SWIFT_VERSION = 5.0;
				TARGETED_DEVICE_FAMILY = "1,2";
			};
			name = Release;
		};
/* End XCBuildConfiguration section */

/* Begin XCConfigurationList section */
		370D3AFF2BE41C570071138E /* Build configuration list for PBXProject "FireBaseInstaClone" */ = {
			isa = XCConfigurationList;
			buildConfigurations = (
				370D3B162BE41C570071138E /* Debug */,
				370D3B172BE41C570071138E /* Release */,
			);
			defaultConfigurationIsVisible = 0;
			defaultConfigurationName = Release;
		};
		370D3B182BE41C570071138E /* Build configuration list for PBXNativeTarget "FireBaseInstaClone" */ = {
			isa = XCConfigurationList;
			buildConfigurations = (
				370D3B192BE41C570071138E /* Debug */,
				370D3B1A2BE41C570071138E /* Release */,
			);
			defaultConfigurationIsVisible = 0;
			defaultConfigurationName = Release;
		};
/* End XCConfigurationList section */

/* Begin XCRemoteSwiftPackageReference section */
		370D3B1D2BE41DFA0071138E /* XCRemoteSwiftPackageReference "firebase-ios-sdk" */ = {
			isa = XCRemoteSwiftPackageReference;
			repositoryURL = "https://github.com/firebase/firebase-ios-sdk";
			requirement = {
				kind = upToNextMajorVersion;
				minimumVersion = 10.25.0;
			};
		};
		375D9EF02BEB81E0008E44E6 /* XCRemoteSwiftPackageReference "SDWebImage" */ = {
			isa = XCRemoteSwiftPackageReference;
			repositoryURL = "https://github.com/SDWebImage/SDWebImage.git";
			requirement = {
				kind = upToNextMajorVersion;
				minimumVersion = 5.19.2;
			};
		};
/* End XCRemoteSwiftPackageReference section */

/* Begin XCSwiftPackageProductDependency section */
		370D3B1E2BE41DFA0071138E /* FirebaseAnalytics */ = {
			isa = XCSwiftPackageProductDependency;
			package = 370D3B1D2BE41DFA0071138E /* XCRemoteSwiftPackageReference "firebase-ios-sdk" */;
			productName = FirebaseAnalytics;
		};
		370D3B202BE41DFA0071138E /* FirebaseAuth */ = {
			isa = XCSwiftPackageProductDependency;
			package = 370D3B1D2BE41DFA0071138E /* XCRemoteSwiftPackageReference "firebase-ios-sdk" */;
			productName = FirebaseAuth;
		};
		370D3B222BE41DFA0071138E /* FirebaseFirestore */ = {
			isa = XCSwiftPackageProductDependency;
			package = 370D3B1D2BE41DFA0071138E /* XCRemoteSwiftPackageReference "firebase-ios-sdk" */;
			productName = FirebaseFirestore;
		};
		370D3B242BE41DFA0071138E /* FirebaseStorage */ = {
			isa = XCSwiftPackageProductDependency;
			package = 370D3B1D2BE41DFA0071138E /* XCRemoteSwiftPackageReference "firebase-ios-sdk" */;
			productName = FirebaseStorage;
		};
		375D9EF12BEB81E0008E44E6 /* SDWebImage */ = {
			isa = XCSwiftPackageProductDependency;
			package = 375D9EF02BEB81E0008E44E6 /* XCRemoteSwiftPackageReference "SDWebImage" */;
			productName = SDWebImage;
		};
		375D9EF32BEB81E0008E44E6 /* SDWebImageMapKit */ = {
			isa = XCSwiftPackageProductDependency;
			package = 375D9EF02BEB81E0008E44E6 /* XCRemoteSwiftPackageReference "SDWebImage" */;
			productName = SDWebImageMapKit;
		};
/* End XCSwiftPackageProductDependency section */
	};
	rootObject = 370D3AFC2BE41C570071138E /* Project object */;
}
